
Microsoft Visual Studio Solution File, Format Version 12.00
# Visual Studio Version 17
VisualStudioVersion = 17.9.34701.34
MinimumVisualStudioVersion = 10.0.40219.1
Project("{FAE04EC0-301F-11D3-BF4B-00C04F79EFBC}") = "ECars.Back.WebApi", "ECars.Back.WebApi\ECars.Back.WebApi.csproj", "{EE533540-9CAB-4780-A1EA-EBC95474CD69}"
EndProject
Global
	GlobalSection(SolutionConfigurationPlatforms) = preSolution
		Debug|Any CPU = Debug|Any CPU
		Release|Any CPU = Release|Any CPU
	EndGlobalSection
	GlobalSection(ProjectConfigurationPlatforms) = postSolution
		{EE533540-9CAB-4780-A1EA-EBC95474CD69}.Debug|Any CPU.ActiveCfg = Debug|Any CPU
		{EE533540-9CAB-4780-A1EA-EBC95474CD69}.Debug|Any CPU.Build.0 = Debug|Any CPU
		{EE533540-9CAB-4780-A1EA-EBC95474CD69}.Release|Any CPU.ActiveCfg = Release|Any CPU
		{EE533540-9CAB-4780-A1EA-EBC95474CD69}.Release|Any CPU.Build.0 = Release|Any CPU
	EndGlobalSection
	GlobalSection(SolutionProperties) = preSolution
		HideSolutionNode = FALSE
	EndGlobalSection
	GlobalSection(ExtensibilityGlobals) = postSolution
		SolutionGuid = {5C79EDE8-CD3F-441C-9683-D4A56842F499}
	EndGlobalSection
EndGlobal
